
Microsoft Visual Studio Solution File, Format Version 12.00
# Visual Studio Version 16
VisualStudioVersion = 16.0.31424.327
MinimumVisualStudioVersion = 10.0.40219.1
Project("{FAE04EC0-301F-11D3-BF4B-00C04F79EFBC}") = "SeleniumTestDemo", "SeleniumTestDemo\SeleniumTestDemo.csproj", "{3714000A-4BFC-4BD1-BF0F-A2936F7C8DB5}"
EndProject
Global
	GlobalSection(SolutionConfigurationPlatforms) = preSolution
		Debug|Any CPU = Debug|Any CPU
		Release|Any CPU = Release|Any CPU
	EndGlobalSection
	GlobalSection(ProjectConfigurationPlatforms) = postSolution
		{3714000A-4BFC-4BD1-BF0F-A2936F7C8DB5}.Debug|Any CPU.ActiveCfg = Debug|Any CPU
		{3714000A-4BFC-4BD1-BF0F-A2936F7C8DB5}.Debug|Any CPU.Build.0 = Debug|Any CPU
		{3714000A-4BFC-4BD1-BF0F-A2936F7C8DB5}.Release|Any CPU.ActiveCfg = Release|Any CPU
		{3714000A-4BFC-4BD1-BF0F-A2936F7C8DB5}.Release|Any CPU.Build.0 = Release|Any CPU
	EndGlobalSection
	GlobalSection(SolutionProperties) = preSolution
		HideSolutionNode = FALSE
	EndGlobalSection
	GlobalSection(ExtensibilityGlobals) = postSolution
		SolutionGuid = {DEA75FB1-A23C-48C4-82AC-4D4183E91BD7}
	EndGlobalSection
EndGlobal
